
Microsoft Visual Studio Solution File, Format Version 12.00
# Visual Studio Version 16
VisualStudioVersion = 16.0.30413.136
MinimumVisualStudioVersion = 10.0.40219.1
Project("{8BC9CEB8-8B4A-11D0-8D11-00A0C91BC942}") = "Algorithm", "Algorithm.vcxproj", "{E1BF3AEC-5F33-43E3-8B17-DE52EF339836}"
EndProject
Global
	GlobalSection(SolutionConfigurationPlatforms) = preSolution
		Debug|x64 = Debug|x64
		Debug|x86 = Debug|x86
		Release|x64 = Release|x64
		Release|x86 = Release|x86
	EndGlobalSection
	GlobalSection(ProjectConfigurationPlatforms) = postSolution
		{E1BF3AEC-5F33-43E3-8B17-DE52EF339836}.Debug|x64.ActiveCfg = Debug|x64
		{E1BF3AEC-5F33-43E3-8B17-DE52EF339836}.Debug|x64.Build.0 = Debug|x64
		{E1BF3AEC-5F33-43E3-8B17-DE52EF339836}.Debug|x86.ActiveCfg = Debug|Win32
		{E1BF3AEC-5F33-43E3-8B17-DE52EF339836}.Debug|x86.Build.0 = Debug|Win32
		{E1BF3AEC-5F33-43E3-8B17-DE52EF339836}.Release|x64.ActiveCfg = Release|x64
		{E1BF3AEC-5F33-43E3-8B17-DE52EF339836}.Release|x64.Build.0 = Release|x64
		{E1BF3AEC-5F33-43E3-8B17-DE52EF339836}.Release|x86.ActiveCfg = Release|Win32
		{E1BF3AEC-5F33-43E3-8B17-DE52EF339836}.Release|x86.Build.0 = Release|Win32
	EndGlobalSection
	GlobalSection(SolutionProperties) = preSolution
		HideSolutionNode = FALSE
	EndGlobalSection
	GlobalSection(ExtensibilityGlobals) = postSolution
		SolutionGuid = {D6B69894-FC44-4EA5-AE1B-2EF24E38E4AE}
	EndGlobalSection
EndGlobal
